// !$*UTF8*$!
{
	archiveVersion = 1;
	classes = {
	};
	objectVersion = 50;
	objects = {

/* Begin PBXBuildFile section */
		486C7CBD2692FD4A001745A0 /* o3o.opus in Resources */ = {isa = PBXBuildFile; fileRef = 486C7CBC2692FD38001745A0 /* o3o.opus */; };
		486C7E0126944899001745A0 /* MyAuido.pcm in Resources */ = {isa = PBXBuildFile; fileRef = 486C7E0026944889001745A0 /* MyAuido.pcm */; };
		48805BE32951BBD50026AA97 /* 221220043144.m4a.opus in Resources */ = {isa = PBXBuildFile; fileRef = 48805BE22951B7BC0026AA97 /* 221220043144.m4a.opus */; };
		48AF276A2A9C74B000C869ED /* 32k.opus in Resources */ = {isa = PBXBuildFile; fileRef = 48AF27692A9C74A200C869ED /* 32k.opus */; };
		48AF276B2A9C772800C869ED /* DFUnits.framework in Embed Frameworks */ = {isa = PBXBuildFile; fileRef = BEECB1E126A126D6008EBE94 /* DFUnits.framework */; settings = {ATTRIBUTES = (CodeSignOnCopy, RemoveHeadersOnCopy, ); }; };
		48AF276E2A9C83AB00C869ED /* noise.opus in Resources */ = {isa = PBXBuildFile; fileRef = 48AF276C2A9C839B00C869ED /* noise.opus */; };
		48B9336F2A8079C1009CB52C /* test.opus in Resources */ = {isa = PBXBuildFile; fileRef = 48B9336E2A8079AB009CB52C /* test.opus */; };
		4A295EBE2421CEF000F87318 /* QCY_json.txt in Resources */ = {isa = PBXBuildFile; fileRef = 4A295EBD2421CEF000F87318 /* QCY_json.txt */; };
		4A2BC8EA2591DFA900B25926 /* libc++.tbd in Frameworks */ = {isa = PBXBuildFile; fileRef = 4A2BC8E92591DFA900B25926 /* libc++.tbd */; };
		4A53D51A2420660800B419C6 /* AppDelegate.m in Sources */ = {isa = PBXBuildFile; fileRef = 4A53D5192420660800B419C6 /* AppDelegate.m */; };
		4A53D5252420660C00B419C6 /* Assets.xcassets in Resources */ = {isa = PBXBuildFile; fileRef = 4A53D5242420660C00B419C6 /* Assets.xcassets */; };
		4A53D5282420660C00B419C6 /* LaunchScreen.storyboard in Resources */ = {isa = PBXBuildFile; fileRef = 4A53D5262420660C00B419C6 /* LaunchScreen.storyboard */; };
		4A53D52B2420660C00B419C6 /* main.m in Sources */ = {isa = PBXBuildFile; fileRef = 4A53D52A2420660C00B419C6 /* main.m */; };
		4A53D55C2420710A00B419C6 /* OneVC.m in Sources */ = {isa = PBXBuildFile; fileRef = 4A53D55A2420710A00B419C6 /* OneVC.m */; };
		4A53D55D2420710A00B419C6 /* OneVC.xib in Resources */ = {isa = PBXBuildFile; fileRef = 4A53D55B2420710A00B419C6 /* OneVC.xib */; };
		4A53D5612420713400B419C6 /* TwoVC.m in Sources */ = {isa = PBXBuildFile; fileRef = 4A53D55F2420713400B419C6 /* TwoVC.m */; };
		4A53D5622420713400B419C6 /* TwoVC.xib in Resources */ = {isa = PBXBuildFile; fileRef = 4A53D5602420713400B419C6 /* TwoVC.xib */; };
		4A69A68D258A011D0095FEAB /* ZipZap.framework in Frameworks */ = {isa = PBXBuildFile; fileRef = 4A69A68C258A011D0095FEAB /* ZipZap.framework */; };
		4A69A6BB258A11E90095FEAB /* ZipZap.framework in Embed Frameworks */ = {isa = PBXBuildFile; fileRef = 4A69A68C258A011D0095FEAB /* ZipZap.framework */; settings = {ATTRIBUTES = (CodeSignOnCopy, RemoveHeadersOnCopy, ); }; };
		681D880C25AE91EA00A75A2D /* ttt.mp3 in Resources */ = {isa = PBXBuildFile; fileRef = 681D880B25AE91EA00A75A2D /* ttt.mp3 */; };
		6887636125E0DAC7000FBD2C /* back.mp3 in Resources */ = {isa = PBXBuildFile; fileRef = 6887636025E0DAC7000FBD2C /* back.mp3 */; };
		6887636325E0DB69000FBD2C /* audio.mp3 in Resources */ = {isa = PBXBuildFile; fileRef = 6887636225E0DB69000FBD2C /* audio.mp3 */; };
		688A6B0425A855B200C158EB /* MusicVC.m in Sources */ = {isa = PBXBuildFile; fileRef = 688A6B0225A855B200C158EB /* MusicVC.m */; };
		688A6B0525A855B200C158EB /* MusicVC.xib in Resources */ = {isa = PBXBuildFile; fileRef = 688A6B0325A855B200C158EB /* MusicVC.xib */; };
		BEECB1E526A12722008EBE94 /* DFUnits.framework in Frameworks */ = {isa = PBXBuildFile; fileRef = BEECB1E426A12722008EBE94 /* DFUnits.framework */; };
		BEECB1EB26A13396008EBE94 /* PCMDataPlayer.m in Sources */ = {isa = PBXBuildFile; fileRef = BEECB1E726A13396008EBE94 /* PCMDataPlayer.m */; };
		BEECB1EC26A13396008EBE94 /* PCMFilePlayer.m in Sources */ = {isa = PBXBuildFile; fileRef = BEECB1E826A13396008EBE94 /* PCMFilePlayer.m */; };
		BEECB8A426A51A20008EBE94 /* SpeexKit.framework in Frameworks */ = {isa = PBXBuildFile; fileRef = BEECB8A326A51A20008EBE94 /* SpeexKit.framework */; };
		BEECBA3B26A56A60008EBE94 /* ahh.opus in Resources */ = {isa = PBXBuildFile; fileRef = BEECBA3926A56A60008EBE94 /* ahh.opus */; };
		BEECBA3C26A56A60008EBE94 /* 1.opus in Resources */ = {isa = PBXBuildFile; fileRef = BEECBA3A26A56A60008EBE94 /* 1.opus */; };
		BEECBA3E26A56A68008EBE94 /* 1.pcm in Resources */ = {isa = PBXBuildFile; fileRef = BEECBA3D26A56A67008EBE94 /* 1.pcm */; };
/* End PBXBuildFile section */

/* Begin PBXCopyFilesBuildPhase section */
		4A69A6BA258A11CB0095FEAB /* Embed Frameworks */ = {
			isa = PBXCopyFilesBuildPhase;
			buildActionMask = 2147483647;
			dstPath = "";
			dstSubfolderSpec = 10;
			files = (
				48AF276B2A9C772800C869ED /* DFUnits.framework in Embed Frameworks */,
				4A69A6BB258A11E90095FEAB /* ZipZap.framework in Embed Frameworks */,
			);
			name = "Embed Frameworks";
			runOnlyForDeploymentPostprocessing = 0;
		};
/* End PBXCopyFilesBuildPhase section */

/* Begin PBXFileReference section */
		486C7CBC2692FD38001745A0 /* o3o.opus */ = {isa = PBXFileReference; lastKnownFileType = file; path = o3o.opus; sourceTree = "<group>"; };
		486C7E0026944889001745A0 /* MyAuido.pcm */ = {isa = PBXFileReference; lastKnownFileType = file; path = MyAuido.pcm; sourceTree = "<group>"; };
		48805BE22951B7BC0026AA97 /* 221220043144.m4a.opus */ = {isa = PBXFileReference; lastKnownFileType = file; path = 221220043144.m4a.opus; sourceTree = "<group>"; };
		48AF27692A9C74A200C869ED /* 32k.opus */ = {isa = PBXFileReference; lastKnownFileType = file; path = 32k.opus; sourceTree = "<group>"; };
		48AF276C2A9C839B00C869ED /* noise.opus */ = {isa = PBXFileReference; lastKnownFileType = file; path = noise.opus; sourceTree = "<group>"; };
		48B9336E2A8079AB009CB52C /* test.opus */ = {isa = PBXFileReference; lastKnownFileType = file; path = test.opus; sourceTree = "<group>"; };
		4A295EBD2421CEF000F87318 /* QCY_json.txt */ = {isa = PBXFileReference; fileEncoding = 4; lastKnownFileType = text; path = QCY_json.txt; sourceTree = "<group>"; };
		4A2BC8E92591DFA900B25926 /* libc++.tbd */ = {isa = PBXFileReference; lastKnownFileType = "sourcecode.text-based-dylib-definition"; name = "libc++.tbd"; path = "usr/lib/libc++.tbd"; sourceTree = SDKROOT; };
		4A3E213C2608760C00DA4E58 /* PrefixHeader.pch */ = {isa = PBXFileReference; lastKnownFileType = sourcecode.c.h; path = PrefixHeader.pch; sourceTree = "<group>"; };
		4A53D5152420660800B419C6 /* QCY_Demo.app */ = {isa = PBXFileReference; explicitFileType = wrapper.application; includeInIndex = 0; path = QCY_Demo.app; sourceTree = BUILT_PRODUCTS_DIR; };
		4A53D5182420660800B419C6 /* AppDelegate.h */ = {isa = PBXFileReference; lastKnownFileType = sourcecode.c.h; path = AppDelegate.h; sourceTree = "<group>"; };
		4A53D5192420660800B419C6 /* AppDelegate.m */ = {isa = PBXFileReference; lastKnownFileType = sourcecode.c.objc; path = AppDelegate.m; sourceTree = "<group>"; };
		4A53D5242420660C00B419C6 /* Assets.xcassets */ = {isa = PBXFileReference; lastKnownFileType = folder.assetcatalog; path = Assets.xcassets; sourceTree = "<group>"; };
		4A53D5272420660C00B419C6 /* Base */ = {isa = PBXFileReference; lastKnownFileType = file.storyboard; name = Base; path = Base.lproj/LaunchScreen.storyboard; sourceTree = "<group>"; };
		4A53D5292420660C00B419C6 /* Info.plist */ = {isa = PBXFileReference; lastKnownFileType = text.plist.xml; path = Info.plist; sourceTree = "<group>"; };
		4A53D52A2420660C00B419C6 /* main.m */ = {isa = PBXFileReference; lastKnownFileType = sourcecode.c.objc; path = main.m; sourceTree = "<group>"; };
		4A53D5592420710A00B419C6 /* OneVC.h */ = {isa = PBXFileReference; lastKnownFileType = sourcecode.c.h; path = OneVC.h; sourceTree = "<group>"; };
		4A53D55A2420710A00B419C6 /* OneVC.m */ = {isa = PBXFileReference; lastKnownFileType = sourcecode.c.objc; path = OneVC.m; sourceTree = "<group>"; };
		4A53D55B2420710A00B419C6 /* OneVC.xib */ = {isa = PBXFileReference; lastKnownFileType = file.xib; path = OneVC.xib; sourceTree = "<group>"; };
		4A53D55E2420713400B419C6 /* TwoVC.h */ = {isa = PBXFileReference; lastKnownFileType = sourcecode.c.h; path = TwoVC.h; sourceTree = "<group>"; };
		4A53D55F2420713400B419C6 /* TwoVC.m */ = {isa = PBXFileReference; lastKnownFileType = sourcecode.c.objc; path = TwoVC.m; sourceTree = "<group>"; };
		4A53D5602420713400B419C6 /* TwoVC.xib */ = {isa = PBXFileReference; lastKnownFileType = file.xib; path = TwoVC.xib; sourceTree = "<group>"; };
		4A69A68C258A011D0095FEAB /* ZipZap.framework */ = {isa = PBXFileReference; lastKnownFileType = wrapper.framework; path = ZipZap.framework; sourceTree = "<group>"; };
		681D880B25AE91EA00A75A2D /* ttt.mp3 */ = {isa = PBXFileReference; lastKnownFileType = audio.mp3; path = ttt.mp3; sourceTree = "<group>"; };
		6887636025E0DAC7000FBD2C /* back.mp3 */ = {isa = PBXFileReference; lastKnownFileType = audio.mp3; path = back.mp3; sourceTree = "<group>"; };
		6887636225E0DB69000FBD2C /* audio.mp3 */ = {isa = PBXFileReference; lastKnownFileType = audio.mp3; path = audio.mp3; sourceTree = "<group>"; };
		688A6B0125A855B200C158EB /* MusicVC.h */ = {isa = PBXFileReference; lastKnownFileType = sourcecode.c.h; path = MusicVC.h; sourceTree = "<group>"; };
		688A6B0225A855B200C158EB /* MusicVC.m */ = {isa = PBXFileReference; lastKnownFileType = sourcecode.c.objc; path = MusicVC.m; sourceTree = "<group>"; };
		688A6B0325A855B200C158EB /* MusicVC.xib */ = {isa = PBXFileReference; lastKnownFileType = file.xib; path = MusicVC.xib; sourceTree = "<group>"; };
		BEECB1E126A126D6008EBE94 /* DFUnits.framework */ = {isa = PBXFileReference; lastKnownFileType = wrapper.framework; path = DFUnits.framework; sourceTree = "<group>"; };
		BEECB1E426A12722008EBE94 /* DFUnits.framework */ = {isa = PBXFileReference; lastKnownFileType = wrapper.framework; path = DFUnits.framework; sourceTree = "<group>"; };
		BEECB1E726A13396008EBE94 /* PCMDataPlayer.m */ = {isa = PBXFileReference; fileEncoding = 4; lastKnownFileType = sourcecode.c.objc; path = PCMDataPlayer.m; sourceTree = "<group>"; };
		BEECB1E826A13396008EBE94 /* PCMFilePlayer.m */ = {isa = PBXFileReference; fileEncoding = 4; lastKnownFileType = sourcecode.c.objc; path = PCMFilePlayer.m; sourceTree = "<group>"; };
		BEECB1E926A13396008EBE94 /* PCMDataPlayer.h */ = {isa = PBXFileReference; fileEncoding = 4; lastKnownFileType = sourcecode.c.h; path = PCMDataPlayer.h; sourceTree = "<group>"; };
		BEECB1EA26A13396008EBE94 /* PCMFilePlayer.h */ = {isa = PBXFileReference; fileEncoding = 4; lastKnownFileType = sourcecode.c.h; path = PCMFilePlayer.h; sourceTree = "<group>"; };
		BEECB8A326A51A20008EBE94 /* SpeexKit.framework */ = {isa = PBXFileReference; lastKnownFileType = wrapper.framework; name = SpeexKit.framework; path = QCY_Demo/SpeexKit.framework; sourceTree = "<group>"; };
		BEECBA3926A56A60008EBE94 /* ahh.opus */ = {isa = PBXFileReference; lastKnownFileType = file; path = ahh.opus; sourceTree = "<group>"; };
		BEECBA3A26A56A60008EBE94 /* 1.opus */ = {isa = PBXFileReference; lastKnownFileType = file; path = 1.opus; sourceTree = "<group>"; };
		BEECBA3D26A56A67008EBE94 /* 1.pcm */ = {isa = PBXFileReference; lastKnownFileType = file; path = 1.pcm; sourceTree = "<group>"; };
/* End PBXFileReference section */

/* Begin PBXFrameworksBuildPhase section */
		4A53D5122420660800B419C6 /* Frameworks */ = {
			isa = PBXFrameworksBuildPhase;
			buildActionMask = 2147483647;
			files = (
				4A2BC8EA2591DFA900B25926 /* libc++.tbd in Frameworks */,
				4A69A68D258A011D0095FEAB /* ZipZap.framework in Frameworks */,
				BEECB1E526A12722008EBE94 /* DFUnits.framework in Frameworks */,
				BEECB8A426A51A20008EBE94 /* SpeexKit.framework in Frameworks */,
			);
			runOnlyForDeploymentPostprocessing = 0;
		};
/* End PBXFrameworksBuildPhase section */

/* Begin PBXGroup section */
		4A53D50C2420660800B419C6 = {
			isa = PBXGroup;
			children = (
				48AF276C2A9C839B00C869ED /* noise.opus */,
				48AF27692A9C74A200C869ED /* 32k.opus */,
				48B9336E2A8079AB009CB52C /* test.opus */,
				486C7CBC2692FD38001745A0 /* o3o.opus */,
				486C7E0026944889001745A0 /* MyAuido.pcm */,
				48805BE22951B7BC0026AA97 /* 221220043144.m4a.opus */,
				681D880B25AE91EA00A75A2D /* ttt.mp3 */,
				6887636225E0DB69000FBD2C /* audio.mp3 */,
				6887636025E0DAC7000FBD2C /* back.mp3 */,
				BEECBA3A26A56A60008EBE94 /* 1.opus */,
				BEECBA3926A56A60008EBE94 /* ahh.opus */,
				BEECBA3D26A56A67008EBE94 /* 1.pcm */,
				4A53D5172420660800B419C6 /* QCY_Demo */,
				4A53D5242420660C00B419C6 /* Assets.xcassets */,
				4A53D5292420660C00B419C6 /* Info.plist */,
				4A53D52A2420660C00B419C6 /* main.m */,
				BEECB1E426A12722008EBE94 /* DFUnits.framework */,
				BEECB8A326A51A20008EBE94 /* SpeexKit.framework */,
				4A53D5162420660800B419C6 /* Products */,
				4A69A68B258A011D0095FEAB /* Frameworks */,
			);
			sourceTree = "<group>";
		};
		4A53D5162420660800B419C6 /* Products */ = {
			isa = PBXGroup;
			children = (
				4A53D5152420660800B419C6 /* QCY_Demo.app */,
			);
			name = Products;
			sourceTree = "<group>";
		};
		4A53D5172420660800B419C6 /* QCY_Demo */ = {
			isa = PBXGroup;
			children = (
				BEECB1E626A13396008EBE94 /* PCMPlayer */,
				4A3E213C2608760C00DA4E58 /* PrefixHeader.pch */,
				4A53D5182420660800B419C6 /* AppDelegate.h */,
				4A53D5192420660800B419C6 /* AppDelegate.m */,
				4A53D5592420710A00B419C6 /* OneVC.h */,
				4A53D55A2420710A00B419C6 /* OneVC.m */,
				4A53D55B2420710A00B419C6 /* OneVC.xib */,
				4A53D55E2420713400B419C6 /* TwoVC.h */,
				4A53D55F2420713400B419C6 /* TwoVC.m */,
				4A53D5602420713400B419C6 /* TwoVC.xib */,
				688A6B0125A855B200C158EB /* MusicVC.h */,
				688A6B0225A855B200C158EB /* MusicVC.m */,
				688A6B0325A855B200C158EB /* MusicVC.xib */,
				4A53D5262420660C00B419C6 /* LaunchScreen.storyboard */,
				4A295EBD2421CEF000F87318 /* QCY_json.txt */,
			);
			path = QCY_Demo;
			sourceTree = "<group>";
		};
		4A69A68B258A011D0095FEAB /* Frameworks */ = {
			isa = PBXGroup;
			children = (
				BEECB1E126A126D6008EBE94 /* DFUnits.framework */,
				4A2BC8E92591DFA900B25926 /* libc++.tbd */,
				4A69A68C258A011D0095FEAB /* ZipZap.framework */,
			);
			name = Frameworks;
			sourceTree = "<group>";
		};
		BEECB1E626A13396008EBE94 /* PCMPlayer */ = {
			isa = PBXGroup;
			children = (
				BEECB1EA26A13396008EBE94 /* PCMFilePlayer.h */,
				BEECB1E826A13396008EBE94 /* PCMFilePlayer.m */,
				BEECB1E926A13396008EBE94 /* PCMDataPlayer.h */,
				BEECB1E726A13396008EBE94 /* PCMDataPlayer.m */,
			);
			path = PCMPlayer;
			sourceTree = "<group>";
		};
/* End PBXGroup section */

/* Begin PBXNativeTarget section */
		4A53D5142420660800B419C6 /* QCY_Demo */ = {
			isa = PBXNativeTarget;
			buildConfigurationList = 4A53D52E2420660C00B419C6 /* Build configuration list for PBXNativeTarget "QCY_Demo" */;
			buildPhases = (
				4A53D5112420660800B419C6 /* Sources */,
				4A53D5122420660800B419C6 /* Frameworks */,
				4A53D5132420660800B419C6 /* Resources */,
				4A69A6BA258A11CB0095FEAB /* Embed Frameworks */,
			);
			buildRules = (
			);
			dependencies = (
			);
			name = QCY_Demo;
			productName = QCY_Demo;
			productReference = 4A53D5152420660800B419C6 /* QCY_Demo.app */;
			productType = "com.apple.product-type.application";
		};
/* End PBXNativeTarget section */

/* Begin PBXProject section */
		4A53D50D2420660800B419C6 /* Project object */ = {
			isa = PBXProject;
			attributes = {
				LastUpgradeCheck = 1130;
				ORGANIZATIONNAME = "杰理科技";
				TargetAttributes = {
					4A53D5142420660800B419C6 = {
						CreatedOnToolsVersion = 11.3.1;
					};
				};
			};
			buildConfigurationList = 4A53D5102420660800B419C6 /* Build configuration list for PBXProject "QCY_Demo" */;
			compatibilityVersion = "Xcode 9.3";
			developmentRegion = en;
			hasScannedForEncodings = 0;
			knownRegions = (
				en,
				Base,
			);
			mainGroup = 4A53D50C2420660800B419C6;
			productRefGroup = 4A53D5162420660800B419C6 /* Products */;
			projectDirPath = "";
			projectRoot = "";
			targets = (
				4A53D5142420660800B419C6 /* QCY_Demo */,
			);
		};
/* End PBXProject section */

/* Begin PBXResourcesBuildPhase section */
		4A53D5132420660800B419C6 /* Resources */ = {
			isa = PBXResourcesBuildPhase;
			buildActionMask = 2147483647;
			files = (
				48AF276E2A9C83AB00C869ED /* noise.opus in Resources */,
				48AF276A2A9C74B000C869ED /* 32k.opus in Resources */,
				48B9336F2A8079C1009CB52C /* test.opus in Resources */,
				48805BE32951BBD50026AA97 /* 221220043144.m4a.opus in Resources */,
				BEECBA3C26A56A60008EBE94 /* 1.opus in Resources */,
				486C7E0126944899001745A0 /* MyAuido.pcm in Resources */,
				486C7CBD2692FD4A001745A0 /* o3o.opus in Resources */,
				BEECBA3B26A56A60008EBE94 /* ahh.opus in Resources */,
				6887636325E0DB69000FBD2C /* audio.mp3 in Resources */,
				688A6B0525A855B200C158EB /* MusicVC.xib in Resources */,
				BEECBA3E26A56A68008EBE94 /* 1.pcm in Resources */,
				681D880C25AE91EA00A75A2D /* ttt.mp3 in Resources */,
				4A53D5282420660C00B419C6 /* LaunchScreen.storyboard in Resources */,
				4A53D5622420713400B419C6 /* TwoVC.xib in Resources */,
				4A53D5252420660C00B419C6 /* Assets.xcassets in Resources */,
				4A295EBE2421CEF000F87318 /* QCY_json.txt in Resources */,
				6887636125E0DAC7000FBD2C /* back.mp3 in Resources */,
				4A53D55D2420710A00B419C6 /* OneVC.xib in Resources */,
			);
			runOnlyForDeploymentPostprocessing = 0;
		};
/* End PBXResourcesBuildPhase section */

/* Begin PBXSourcesBuildPhase section */
		4A53D5112420660800B419C6 /* Sources */ = {
			isa = PBXSourcesBuildPhase;
			buildActionMask = 2147483647;
			files = (
				4A53D55C2420710A00B419C6 /* OneVC.m in Sources */,
				4A53D5612420713400B419C6 /* TwoVC.m in Sources */,
				BEECB1EC26A13396008EBE94 /* PCMFilePlayer.m in Sources */,
				4A53D51A2420660800B419C6 /* AppDelegate.m in Sources */,
				688A6B0425A855B200C158EB /* MusicVC.m in Sources */,
				4A53D52B2420660C00B419C6 /* main.m in Sources */,
				BEECB1EB26A13396008EBE94 /* PCMDataPlayer.m in Sources */,
			);
			runOnlyForDeploymentPostprocessing = 0;
		};
/* End PBXSourcesBuildPhase section */

/* Begin PBXVariantGroup section */
		4A53D5262420660C00B419C6 /* LaunchScreen.storyboard */ = {
			isa = PBXVariantGroup;
			children = (
				4A53D5272420660C00B419C6 /* Base */,
			);
			name = LaunchScreen.storyboard;
			sourceTree = "<group>";
		};
/* End PBXVariantGroup section */

/* Begin XCBuildConfiguration section */
		4A53D52C2420660C00B419C6 /* Debug */ = {
			isa = XCBuildConfiguration;
			buildSettings = {
				ALWAYS_SEARCH_USER_PATHS = NO;
				CLANG_ANALYZER_NONNULL = YES;
				CLANG_ANALYZER_NUMBER_OBJECT_CONVERSION = YES_AGGRESSIVE;
				CLANG_CXX_LANGUAGE_STANDARD = "gnu++14";
				CLANG_CXX_LIBRARY = "libc++";
				CLANG_ENABLE_MODULES = YES;
				CLANG_ENABLE_OBJC_ARC = YES;
				CLANG_ENABLE_OBJC_WEAK = YES;
				CLANG_WARN_BLOCK_CAPTURE_AUTORELEASING = YES;
				CLANG_WARN_BOOL_CONVERSION = YES;
				CLANG_WARN_COMMA = YES;
				CLANG_WARN_CONSTANT_CONVERSION = YES;
				CLANG_WARN_DEPRECATED_OBJC_IMPLEMENTATIONS = YES;
				CLANG_WARN_DIRECT_OBJC_ISA_USAGE = YES_ERROR;
				CLANG_WARN_DOCUMENTATION_COMMENTS = YES;
				CLANG_WARN_EMPTY_BODY = YES;
				CLANG_WARN_ENUM_CONVERSION = YES;
				CLANG_WARN_INFINITE_RECURSION = YES;
				CLANG_WARN_INT_CONVERSION = YES;
				CLANG_WARN_NON_LITERAL_NULL_CONVERSION = YES;
				CLANG_WARN_OBJC_IMPLICIT_RETAIN_SELF = YES;
				CLANG_WARN_OBJC_LITERAL_CONVERSION = YES;
				CLANG_WARN_OBJC_ROOT_CLASS = YES_ERROR;
				CLANG_WARN_RANGE_LOOP_ANALYSIS = YES;
				CLANG_WARN_STRICT_PROTOTYPES = YES;
				CLANG_WARN_SUSPICIOUS_MOVE = YES;
				CLANG_WARN_UNGUARDED_AVAILABILITY = YES_AGGRESSIVE;
				CLANG_WARN_UNREACHABLE_CODE = YES;
				CLANG_WARN__DUPLICATE_METHOD_MATCH = YES;
				COPY_PHASE_STRIP = NO;
				DEBUG_INFORMATION_FORMAT = dwarf;
				ENABLE_STRICT_OBJC_MSGSEND = YES;
				ENABLE_TESTABILITY = YES;
				GCC_C_LANGUAGE_STANDARD = gnu11;
				GCC_DYNAMIC_NO_PIC = NO;
				GCC_NO_COMMON_BLOCKS = YES;
				GCC_OPTIMIZATION_LEVEL = 0;
				GCC_PREPROCESSOR_DEFINITIONS = (
					"DEBUG=1",
					"$(inherited)",
				);
				GCC_WARN_64_TO_32_BIT_CONVERSION = YES;
				GCC_WARN_ABOUT_RETURN_TYPE = YES_ERROR;
				GCC_WARN_UNDECLARED_SELECTOR = YES;
				GCC_WARN_UNINITIALIZED_AUTOS = YES_AGGRESSIVE;
				GCC_WARN_UNUSED_FUNCTION = YES;
				GCC_WARN_UNUSED_VARIABLE = YES;
				IPHONEOS_DEPLOYMENT_TARGET = 10.0;
				MTL_ENABLE_DEBUG_INFO = INCLUDE_SOURCE;
				MTL_FAST_MATH = YES;
				ONLY_ACTIVE_ARCH = YES;
				SDKROOT = iphoneos;
			};
			name = Debug;
		};
		4A53D52D2420660C00B419C6 /* Release */ = {
			isa = XCBuildConfiguration;
			buildSettings = {
				ALWAYS_SEARCH_USER_PATHS = NO;
				CLANG_ANALYZER_NONNULL = YES;
				CLANG_ANALYZER_NUMBER_OBJECT_CONVERSION = YES_AGGRESSIVE;
				CLANG_CXX_LANGUAGE_STANDARD = "gnu++14";
				CLANG_CXX_LIBRARY = "libc++";
				CLANG_ENABLE_MODULES = YES;
				CLANG_ENABLE_OBJC_ARC = YES;
				CLANG_ENABLE_OBJC_WEAK = YES;
				CLANG_WARN_BLOCK_CAPTURE_AUTORELEASING = YES;
				CLANG_WARN_BOOL_CONVERSION = YES;
				CLANG_WARN_COMMA = YES;
				CLANG_WARN_CONSTANT_CONVERSION = YES;
				CLANG_WARN_DEPRECATED_OBJC_IMPLEMENTATIONS = YES;
				CLANG_WARN_DIRECT_OBJC_ISA_USAGE = YES_ERROR;
				CLANG_WARN_DOCUMENTATION_COMMENTS = YES;
				CLANG_WARN_EMPTY_BODY = YES;
				CLANG_WARN_ENUM_CONVERSION = YES;
				CLANG_WARN_INFINITE_RECURSION = YES;
				CLANG_WARN_INT_CONVERSION = YES;
				CLANG_WARN_NON_LITERAL_NULL_CONVERSION = YES;
				CLANG_WARN_OBJC_IMPLICIT_RETAIN_SELF = YES;
				CLANG_WARN_OBJC_LITERAL_CONVERSION = YES;
				CLANG_WARN_OBJC_ROOT_CLASS = YES_ERROR;
				CLANG_WARN_RANGE_LOOP_ANALYSIS = YES;
				CLANG_WARN_STRICT_PROTOTYPES = YES;
				CLANG_WARN_SUSPICIOUS_MOVE = YES;
				CLANG_WARN_UNGUARDED_AVAILABILITY = YES_AGGRESSIVE;
				CLANG_WARN_UNREACHABLE_CODE = YES;
				CLANG_WARN__DUPLICATE_METHOD_MATCH = YES;
				COPY_PHASE_STRIP = NO;
				DEBUG_INFORMATION_FORMAT = "dwarf-with-dsym";
				ENABLE_NS_ASSERTIONS = NO;
				ENABLE_STRICT_OBJC_MSGSEND = YES;
				GCC_C_LANGUAGE_STANDARD = gnu11;
				GCC_NO_COMMON_BLOCKS = YES;
				GCC_WARN_64_TO_32_BIT_CONVERSION = YES;
				GCC_WARN_ABOUT_RETURN_TYPE = YES_ERROR;
				GCC_WARN_UNDECLARED_SELECTOR = YES;
				GCC_WARN_UNINITIALIZED_AUTOS = YES_AGGRESSIVE;
				GCC_WARN_UNUSED_FUNCTION = YES;
				GCC_WARN_UNUSED_VARIABLE = YES;
				IPHONEOS_DEPLOYMENT_TARGET = 10.0;
				MTL_ENABLE_DEBUG_INFO = NO;
				MTL_FAST_MATH = YES;
				SDKROOT = iphoneos;
				VALIDATE_PRODUCT = YES;
			};
			name = Release;
		};
		4A53D52F2420660C00B419C6 /* Debug */ = {
			isa = XCBuildConfiguration;
			buildSettings = {
				ARCHS = (
					armv7,
					arm64,
				);
				ASSETCATALOG_COMPILER_APPICON_NAME = AppIcon;
				CODE_SIGN_STYLE = Automatic;
				DEVELOPMENT_TEAM = J8GU9SL7NG;
				ENABLE_BITCODE = NO;
				FRAMEWORK_SEARCH_PATHS = (
					"$(inherited)",
					"$(PROJECT_DIR)",
					"$(PROJECT_DIR)/QCY_Demo",
				);
				GCC_PREFIX_HEADER = "$(SRCROOT)/QCY_Demo/PrefixHeader.pch";
				INFOPLIST_FILE = QCY_Demo/Info.plist;
				LD_RUNPATH_SEARCH_PATHS = (
					"$(inherited)",
					"@executable_path/Frameworks",
				);
				LIBRARY_SEARCH_PATHS = (
					"$(inherited)",
					"$(PROJECT_DIR)/QCY_Demo/FATTool",
					"$(PROJECT_DIR)/QCY_Demo/lib",
				);
				PRODUCT_BUNDLE_IDENTIFIER = com.JLBLE.Test;
				PRODUCT_NAME = "$(TARGET_NAME)";
				TARGETED_DEVICE_FAMILY = 1;
			};
			name = Debug;
		};
		4A53D5302420660C00B419C6 /* Release */ = {
			isa = XCBuildConfiguration;
			buildSettings = {
				ARCHS = (
					armv7,
					arm64,
				);
				ASSETCATALOG_COMPILER_APPICON_NAME = AppIcon;
				CODE_SIGN_STYLE = Automatic;
				DEVELOPMENT_TEAM = J8GU9SL7NG;
				ENABLE_BITCODE = NO;
				FRAMEWORK_SEARCH_PATHS = (
					"$(inherited)",
					"$(PROJECT_DIR)",
					"$(PROJECT_DIR)/QCY_Demo",
				);
				GCC_PREFIX_HEADER = "$(SRCROOT)/QCY_Demo/PrefixHeader.pch";
				INFOPLIST_FILE = QCY_Demo/Info.plist;
				LD_RUNPATH_SEARCH_PATHS = (
					"$(inherited)",
					"@executable_path/Frameworks",
				);
				LIBRARY_SEARCH_PATHS = (
					"$(inherited)",
					"$(PROJECT_DIR)/QCY_Demo/FATTool",
					"$(PROJECT_DIR)/QCY_Demo/lib",
				);
				ONLY_ACTIVE_ARCH = YES;
				PRODUCT_BUNDLE_IDENTIFIER = com.JLBLE.Test;
				PRODUCT_NAME = "$(TARGET_NAME)";
				TARGETED_DEVICE_FAMILY = 1;
			};
			name = Release;
		};
/* End XCBuildConfiguration section */

/* Begin XCConfigurationList section */
		4A53D5102420660800B419C6 /* Build configuration list for PBXProject "QCY_Demo" */ = {
			isa = XCConfigurationList;
			buildConfigurations = (
				4A53D52C2420660C00B419C6 /* Debug */,
				4A53D52D2420660C00B419C6 /* Release */,
			);
			defaultConfigurationIsVisible = 0;
			defaultConfigurationName = Release;
		};
		4A53D52E2420660C00B419C6 /* Build configuration list for PBXNativeTarget "QCY_Demo" */ = {
			isa = XCConfigurationList;
			buildConfigurations = (
				4A53D52F2420660C00B419C6 /* Debug */,
				4A53D5302420660C00B419C6 /* Release */,
			);
			defaultConfigurationIsVisible = 0;
			defaultConfigurationName = Release;
		};
/* End XCConfigurationList section */
	};
	rootObject = 4A53D50D2420660800B419C6 /* Project object */;
}
